
Microsoft Visual Studio Solution File, Format Version 12.00
# Visual Studio 15
VisualStudioVersion = 15.0.27703.2026
MinimumVisualStudioVersion = 10.0.40219.1
Project("{FAE04EC0-301F-11D3-BF4B-00C04F79EFBC}") = "WcfServiceExample", "WcfServiceExample\WcfServiceExample.csproj", "{77CA4056-12DC-4E7B-9D9E-26491E16699A}"
EndProject
Project("{FAE04EC0-301F-11D3-BF4B-00C04F79EFBC}") = "MongoDBUsing", "MongoDBUsing\MongoDBUsing.csproj", "{525A9E5C-CAA7-4057-9A12-566867974169}"
EndProject
Global
	GlobalSection(SolutionConfigurationPlatforms) = preSolution
		Debug|Any CPU = Debug|Any CPU
		Release|Any CPU = Release|Any CPU
	EndGlobalSection
	GlobalSection(ProjectConfigurationPlatforms) = postSolution
		{77CA4056-12DC-4E7B-9D9E-26491E16699A}.Debug|Any CPU.ActiveCfg = Debug|Any CPU
		{77CA4056-12DC-4E7B-9D9E-26491E16699A}.Debug|Any CPU.Build.0 = Debug|Any CPU
		{77CA4056-12DC-4E7B-9D9E-26491E16699A}.Release|Any CPU.ActiveCfg = Release|Any CPU
		{77CA4056-12DC-4E7B-9D9E-26491E16699A}.Release|Any CPU.Build.0 = Release|Any CPU
		{525A9E5C-CAA7-4057-9A12-566867974169}.Debug|Any CPU.ActiveCfg = Debug|Any CPU
		{525A9E5C-CAA7-4057-9A12-566867974169}.Debug|Any CPU.Build.0 = Debug|Any CPU
		{525A9E5C-CAA7-4057-9A12-566867974169}.Release|Any CPU.ActiveCfg = Release|Any CPU
		{525A9E5C-CAA7-4057-9A12-566867974169}.Release|Any CPU.Build.0 = Release|Any CPU
	EndGlobalSection
	GlobalSection(SolutionProperties) = preSolution
		HideSolutionNode = FALSE
	EndGlobalSection
	GlobalSection(ExtensibilityGlobals) = postSolution
		SolutionGuid = {1C88A701-2426-4F13-A9A5-86BF88DD4C29}
	EndGlobalSection
EndGlobal
